
Microsoft Visual Studio Solution File, Format Version 12.00
# Visual Studio Version 16
VisualStudioVersion = 16.0.30804.86
MinimumVisualStudioVersion = 10.0.40219.1
Project("{FAE04EC0-301F-11D3-BF4B-00C04F79EFBC}") = "Morocoto.API", "Morocoto.API\Morocoto.API.csproj", "{8ECE4167-4577-43A1-A7BF-5F6BD0C919A7}"
EndProject
Project("{FAE04EC0-301F-11D3-BF4B-00C04F79EFBC}") = "Morocoto.Infraestructure", "Morocoto.Infraestructure\Morocoto.Infraestructure.csproj", "{32D87926-54EB-4702-A270-3AC32F59C690}"
EndProject
Project("{FAE04EC0-301F-11D3-BF4B-00C04F79EFBC}") = "Morocoto.Domain", "Morocoto.Domain\Morocoto.Domain.csproj", "{A866BFEA-B760-41F6-B1EE-C0002CFF9B1D}"
EndProject
Global
	GlobalSection(SolutionConfigurationPlatforms) = preSolution
		Debug|Any CPU = Debug|Any CPU
		Release|Any CPU = Release|Any CPU
	EndGlobalSection
	GlobalSection(ProjectConfigurationPlatforms) = postSolution
		{8ECE4167-4577-43A1-A7BF-5F6BD0C919A7}.Debug|Any CPU.ActiveCfg = Debug|Any CPU
		{8ECE4167-4577-43A1-A7BF-5F6BD0C919A7}.Debug|Any CPU.Build.0 = Debug|Any CPU
		{8ECE4167-4577-43A1-A7BF-5F6BD0C919A7}.Release|Any CPU.ActiveCfg = Release|Any CPU
		{8ECE4167-4577-43A1-A7BF-5F6BD0C919A7}.Release|Any CPU.Build.0 = Release|Any CPU
		{32D87926-54EB-4702-A270-3AC32F59C690}.Debug|Any CPU.ActiveCfg = Debug|Any CPU
		{32D87926-54EB-4702-A270-3AC32F59C690}.Debug|Any CPU.Build.0 = Debug|Any CPU
		{32D87926-54EB-4702-A270-3AC32F59C690}.Release|Any CPU.ActiveCfg = Release|Any CPU
		{32D87926-54EB-4702-A270-3AC32F59C690}.Release|Any CPU.Build.0 = Release|Any CPU
		{A866BFEA-B760-41F6-B1EE-C0002CFF9B1D}.Debug|Any CPU.ActiveCfg = Debug|Any CPU
		{A866BFEA-B760-41F6-B1EE-C0002CFF9B1D}.Debug|Any CPU.Build.0 = Debug|Any CPU
		{A866BFEA-B760-41F6-B1EE-C0002CFF9B1D}.Release|Any CPU.ActiveCfg = Release|Any CPU
		{A866BFEA-B760-41F6-B1EE-C0002CFF9B1D}.Release|Any CPU.Build.0 = Release|Any CPU
	EndGlobalSection
	GlobalSection(SolutionProperties) = preSolution
		HideSolutionNode = FALSE
	EndGlobalSection
	GlobalSection(ExtensibilityGlobals) = postSolution
		SolutionGuid = {15949A94-CE51-4F1D-B044-7A362FF92CBE}
	EndGlobalSection
EndGlobal
